dependencies:
- name: epistola
  repository: oci://ghcr.io/epistola-app/charts
  version: 1.0.0
- name: keycloak
  repository: oci://registry-1.docker.io/bitnamicharts
  version: 24.9.0
digest: sha256:e871d227fd373304937328fbd945a6a0ed9345821416a42d50e49884006273d2
generated: "2026-02-25T13:41:21.957751+01:00"
